
Microsoft Visual Studio Solution File, Format Version 12.00
# Visual Studio 15
VisualStudioVersion = 15.0.28307.438
MinimumVisualStudioVersion = 10.0.40219.1
Project("{FAE04EC0-301F-11D3-BF4B-00C04F79EFBC}") = "G_Accounting_System", "G_Accounting_System\G_Accounting_System.csproj", "{ECF0DCBC-7034-4C3B-B7FF-F352951D723A}"
EndProject
Project("{FAE04EC0-301F-11D3-BF4B-00C04F79EFBC}") = "G_Accounting_System.APP", "G_Accounting_System.APP\G_Accounting_System.APP.csproj", "{610C02E1-7651-4981-8DC1-001E27B23215}"
EndProject
Project("{FAE04EC0-301F-11D3-BF4B-00C04F79EFBC}") = "G_Accounting_System.DAL", "G_Accounting_System.DAL\G_Accounting_System.DAL.csproj", "{1713ED48-ACDC-4DDF-B5DB-F60AA3D1A5DE}"
EndProject
Project("{FAE04EC0-301F-11D3-BF4B-00C04F79EFBC}") = "G_Accounting_System.ENT", "G_Accounting_System.ENT\G_Accounting_System.ENT.csproj", "{A4FE126F-B2A4-4A2B-A21E-548237C4BD00}"
EndProject
Global
	GlobalSection(SolutionConfigurationPlatforms) = preSolution
		Debug|Any CPU = Debug|Any CPU
		Release|Any CPU = Release|Any CPU
	EndGlobalSection
	GlobalSection(ProjectConfigurationPlatforms) = postSolution
		{ECF0DCBC-7034-4C3B-B7FF-F352951D723A}.Debug|Any CPU.ActiveCfg = Debug|Any CPU
		{ECF0DCBC-7034-4C3B-B7FF-F352951D723A}.Debug|Any CPU.Build.0 = Debug|Any CPU
		{ECF0DCBC-7034-4C3B-B7FF-F352951D723A}.Release|Any CPU.ActiveCfg = Release|Any CPU
		{ECF0DCBC-7034-4C3B-B7FF-F352951D723A}.Release|Any CPU.Build.0 = Release|Any CPU
		{610C02E1-7651-4981-8DC1-001E27B23215}.Debug|Any CPU.ActiveCfg = Debug|Any CPU
		{610C02E1-7651-4981-8DC1-001E27B23215}.Debug|Any CPU.Build.0 = Debug|Any CPU
		{610C02E1-7651-4981-8DC1-001E27B23215}.Release|Any CPU.ActiveCfg = Release|Any CPU
		{610C02E1-7651-4981-8DC1-001E27B23215}.Release|Any CPU.Build.0 = Release|Any CPU
		{1713ED48-ACDC-4DDF-B5DB-F60AA3D1A5DE}.Debug|Any CPU.ActiveCfg = Debug|Any CPU
		{1713ED48-ACDC-4DDF-B5DB-F60AA3D1A5DE}.Debug|Any CPU.Build.0 = Debug|Any CPU
		{1713ED48-ACDC-4DDF-B5DB-F60AA3D1A5DE}.Release|Any CPU.ActiveCfg = Release|Any CPU
		{1713ED48-ACDC-4DDF-B5DB-F60AA3D1A5DE}.Release|Any CPU.Build.0 = Release|Any CPU
		{A4FE126F-B2A4-4A2B-A21E-548237C4BD00}.Debug|Any CPU.ActiveCfg = Debug|Any CPU
		{A4FE126F-B2A4-4A2B-A21E-548237C4BD00}.Debug|Any CPU.Build.0 = Debug|Any CPU
		{A4FE126F-B2A4-4A2B-A21E-548237C4BD00}.Release|Any CPU.ActiveCfg = Release|Any CPU
		{A4FE126F-B2A4-4A2B-A21E-548237C4BD00}.Release|Any CPU.Build.0 = Release|Any CPU
	EndGlobalSection
	GlobalSection(SolutionProperties) = preSolution
		HideSolutionNode = FALSE
	EndGlobalSection
	GlobalSection(ExtensibilityGlobals) = postSolution
		SolutionGuid = {9986B412-B584-4ACC-B534-5B7FB089EDE7}
	EndGlobalSection
EndGlobal
